
Microsoft Visual Studio Solution File, Format Version 12.00
# Visual Studio Version 17
VisualStudioVersion = 17.14.36414.22 d17.14
MinimumVisualStudioVersion = 10.0.40219.1
Project("{FAE04EC0-301F-11D3-BF4B-00C04F79EFBC}") = "demo1", "demo1\demo1.csproj", "{3220D3F7-97CB-462B-A9D9-62B6A289ECB4}"
EndProject
Global
	GlobalSection(SolutionConfigurationPlatforms) = preSolution
		Debug|Any CPU = Debug|Any CPU
		Release|Any CPU = Release|Any CPU
	EndGlobalSection
	GlobalSection(ProjectConfigurationPlatforms) = postSolution
		{3220D3F7-97CB-462B-A9D9-62B6A289ECB4}.Debug|Any CPU.ActiveCfg = Debug|Any CPU
		{3220D3F7-97CB-462B-A9D9-62B6A289ECB4}.Debug|Any CPU.Build.0 = Debug|Any CPU
		{3220D3F7-97CB-462B-A9D9-62B6A289ECB4}.Release|Any CPU.ActiveCfg = Release|Any CPU
		{3220D3F7-97CB-462B-A9D9-62B6A289ECB4}.Release|Any CPU.Build.0 = Release|Any CPU
	EndGlobalSection
	GlobalSection(SolutionProperties) = preSolution
		HideSolutionNode = FALSE
	EndGlobalSection
	GlobalSection(ExtensibilityGlobals) = postSolution
		SolutionGuid = {1B5EC2BC-3726-433A-8191-2AE37761546D}
	EndGlobalSection
EndGlobal
